{
  "nodes": {
    "nixpkgs": {
      "locked": {
        "lastModified": 1687502512,
        "narHash": "sha256-dBL/01TayOSZYxtY4cMXuNCBk8UMLoqRZA+94xiFpJA=",
        "owner": "nixos",
        "repo": "nixpkgs",
        "rev": "3ae20aa58a6c0d1ca95c9b11f59a2d12eebc511f",
        "type": "github"
      },
      "original": {
        "owner": "nixos",
        "ref": "nixos-unstable",
        "repo": "nixpkgs",
        "type": "github"
      }
    },
    "root": {
      "inputs": {
        "nixpkgs": "nixpkgs",
        "xwaylandvideobridge-git": "xwaylandvideobridge-git"
      }
    },
    "xwaylandvideobridge-git": {
      "flake": false,
      "locked": {
        "host": "invent.kde.org",
        "lastModified": 1687057635,
        "narHash": "sha256-COv3lQuJ4LO6iThAy9lrfYPKkZTkiVSvqBp2xzPHKKw=",
        "owner": "system",
        "repo": "xwaylandvideobridge",
        "rev": "a9c40f8cda1016d20cea80ecdbfc90637c6f24dd",
        "type": "gitlab"
      },
      "original": {
        "host": "invent.kde.org",
        "owner": "system",
        "repo": "xwaylandvideobridge",
        "type": "gitlab"
      }
    }
  },
  "root": "root",
  "version": 7
}
